{
    "_readme": [
        "This file locks the dependencies of your project to a known state",
        "Read more about it at https://getcomposer.org/doc/01-basic-usage.md#installing-dependencies",
        "This file is @generated automatically"
    ],
    "content-hash": "7b672ebaf5254e4f7faeb15bbe843098",
    "packages": [
        {
            "name": "muaath5/simple-bot-api",
            "version": "5.3",
            "source": {
                "type": "git",
                "url": "https://github.com/Muaath5/SimpleBotAPI.git",
                "reference": "2f3232ee16fea79648f4b6f62f49f6d46baeb714"
            },
            "dist": {
                "type": "zip",
                "url": "https://api.github.com/repos/Muaath5/SimpleBotAPI/zipball/2f3232ee16fea79648f4b6f62f49f6d46baeb714",
                "reference": "2f3232ee16fea79648f4b6f62f49f6d46baeb714",
                "shasum": ""
            },
            "type": "library",
            "autoload": {
                "psr-4": {
                    "SimpleBotAPI\\": "src/"
                }
            },
            "notification-url": "https://packagist.org/downloads/",
            "license": [
                "GPL-3.0-only"
            ],
            "authors": [
                {
                    "name": "Muaath Alqarni",
                    "email": "muaath1428@hotmail.com"
                }
            ],
            "description": "Simple & Easy Telegram Bot API in PHP",
            "support": {
                "email": "muaath1428@hotmail.com",
                "issues": "https://github.com/Muaath5/SimpleBotAPI/issues",
                "source": "https://github.com/Muaath5/SimpleBotAPI/tree/5.3"
            },
            "time": "2021-08-11T18:25:44+00:00"
        }
    ],
    "packages-dev": [
        {
            "name": "heroku/heroku-buildpack-php",
            "version": "dev-main",
            "source": {
                "type": "git",
                "url": "https://github.com/heroku/heroku-buildpack-php.git",
                "reference": "0ade6e8c8bcdcfa7b193d5c2e341aa681fe4e2a1"
            },
            "dist": {
                "type": "zip",
                "url": "https://api.github.com/repos/heroku/heroku-buildpack-php/zipball/0ade6e8c8bcdcfa7b193d5c2e341aa681fe4e2a1",
                "reference": "0ade6e8c8bcdcfa7b193d5c2e341aa681fe4e2a1",
                "shasum": ""
            },
            "default-branch": true,
            "bin": [
                "bin/heroku-php-apache2",
                "bin/heroku-php-nginx"
            ],
            "type": "library",
            "notification-url": "https://packagist.org/downloads/",
            "license": [
                "MIT"
            ],
            "authors": [
                {
                    "name": "David Zuelke",
                    "email": "dz@heroku.com"
                }
            ],
            "description": "Toolkit for starting a PHP application locally, with or without foreman, using the same config for PHP and Apache2/Nginx as on Heroku",
            "homepage": "https://github.com/heroku/heroku-buildpack-php",
            "keywords": [
                "apache",
                "apache2",
                "foreman",
                "heroku",
                "nginx",
                "php"
            ],
            "support": {
                "issues": "https://github.com/heroku/heroku-buildpack-php/issues",
                "source": "https://github.com/heroku/heroku-buildpack-php/tree/v196"
            },
            "time": "2021-07-30T16:28:01+00:00"
        }
    ],
    "aliases": [],
    "minimum-stability": "dev",
    "stability-flags": [],
    "prefer-stable": false,
    "prefer-lowest": false,
    "platform": [],
    "platform-dev": [],
    "plugin-api-version": "2.1.0"
}
