{
    "_readme": [
        "This file locks the dependencies of your project to a known state",
        "Read more about it at https://getcomposer.org/doc/01-basic-usage.md#installing-dependencies",
        "This file is @generated automatically"
    ],
    "content-hash": "32a050805e5d550de4a77eb059a8e2e5",
    "packages": [
        {
            "name": "muaath5/simple-bot-api",
            "version": "v5.3",
            "source": {
                "type": "git",
                "url": "https://github.com/Muaath5/SimpleBotAPI.git",
                "reference": "0a50044d1659d5b9de8788f5ec37a938a2789830"
            },
            "dist": {
                "type": "zip",
                "url": "https://api.github.com/repos/Muaath5/SimpleBotAPI/zipball/0a50044d1659d5b9de8788f5ec37a938a2789830",
                "reference": "0a50044d1659d5b9de8788f5ec37a938a2789830",
                "shasum": ""
            },
            "require-dev": {
                "phpunit/phpunit": "^9.5"
            },
            "type": "library",
            "autoload": {
                "psr-4": {
                    "SimpleBotAPI\\": "src/",
                    "SimpleBotAPI\\Exceptions\\": "src/Exceptions/",
                    "SimpleBotAPI\\Examples\\": "examples/"
                }
            },
            "notification-url": "https://packagist.org/downloads/",
            "license": [
                "GPL-3.0-only"
            ],
            "authors": [
                {
                    "name": "Muaath Alqarni",
                    "email": "muaath1428@hotmail.com"
                }
            ],
            "description": "Simple & Easy Telegram Bot API in PHP",
            "support": {
                "email": "muaath1428@hotmail.com",
                "issues": "https://github.com/Muaath5/SimpleBotAPI/issues",
                "source": "https://github.com/Muaath5/SimpleBotAPI/tree/v5.3"
            },
            "time": "2021-10-07T17:19:28+00:00"
        }
    ],
    "packages-dev": [
        {
            "name": "heroku/heroku-buildpack-php",
            "version": "v198",
            "source": {
                "type": "git",
                "url": "https://github.com/heroku/heroku-buildpack-php.git",
                "reference": "043613ce119387da7e04b2ba8db00fe12ab0b55c"
            },
            "dist": {
                "type": "zip",
                "url": "https://api.github.com/repos/heroku/heroku-buildpack-php/zipball/043613ce119387da7e04b2ba8db00fe12ab0b55c",
                "reference": "043613ce119387da7e04b2ba8db00fe12ab0b55c",
                "shasum": ""
            },
            "bin": [
                "bin/heroku-php-apache2",
                "bin/heroku-php-nginx"
            ],
            "type": "library",
            "notification-url": "https://packagist.org/downloads/",
            "license": [
                "MIT"
            ],
            "authors": [
                {
                    "name": "David Zuelke",
                    "email": "dz@heroku.com"
                }
            ],
            "description": "Toolkit for starting a PHP application locally, with or without foreman, using the same config for PHP and Apache2/Nginx as on Heroku",
            "homepage": "https://github.com/heroku/heroku-buildpack-php",
            "keywords": [
                "apache",
                "apache2",
                "foreman",
                "heroku",
                "nginx",
                "php"
            ],
            "support": {
                "issues": "https://github.com/heroku/heroku-buildpack-php/issues",
                "source": "https://github.com/heroku/heroku-buildpack-php/tree/v198"
            },
            "time": "2021-09-28T23:39:37+00:00"
        }
    ],
    "aliases": [],
    "minimum-stability": "beta",
    "stability-flags": [],
    "prefer-stable": false,
    "prefer-lowest": false,
    "platform": [],
    "platform-dev": [],
    "plugin-api-version": "2.1.0"
}
